PODS:
  - epson_epos_printer (0.0.1):
    - Flutter
  - Flutter (1.0.0)

DEPENDENCIES:
  - epson_epos_printer (from `.symlinks/plugins/epson_epos_printer/ios`)
  - Flutter (from `Flutter`)

EXTERNAL SOURCES:
  epson_epos_printer:
    :path: ".symlinks/plugins/epson_epos_printer/ios"
  Flutter:
    :path: Flutter

SPEC CHECKSUMS:
  epson_epos_printer: f4920a7a890fd0207f8aec21420234b813c36abf
  Flutter: 50d75fe2f02b26cc09d224853bb45737f8b3214a

PODFILE CHECKSUM: aafe91acc616949ddb318b77800a7f51bffa2a4c

COCOAPODS: 1.11.2
